{
    __meta__ = {
        version = "1.0"
    },
    ["windows|x64"] = {
        ["cmake#f56260b5"] = {
            repo = {
                branch = "master",
                commit = "a8981df33f2061a4d5e5f1de661247073a63cf56",
                url = "https://gitlab.com/tboox/xmake-repo.git"
            },
            version = "3.30.5"
        },
        ["ninja#f56260b5"] = {
            repo = {
                branch = "master",
                commit = "a8981df33f2061a4d5e5f1de661247073a63cf56",
                url = "https://gitlab.com/tboox/xmake-repo.git"
            },
            version = "1.12.1"
        },
        ["spdlog#09c8c173"] = {
            repo = {
                branch = "master",
                commit = "76ad497b3bbb32af50ae3b7d2736597ed131512f",
                url = "https://gitlab.com/tboox/xmake-repo.git"
            },
            version = "v1.16.0"
        }
    }
}